// !$*UTF8*$!
{
	archiveVersion = 1;
	classes = {
	};
	objectVersion = 56;
	objects = {

/* Begin PBXBuildFile section */
		B89472CA2AA6FE5E0054F067 /* AppDelegate.swift in Sources */ = {isa = PBXBuildFile; fileRef = B89472C92AA6FE5E0054F067 /* AppDelegate.swift */; };
		B89472CC2AA6FE5E0054F067 /* SceneDelegate.swift in Sources */ = {isa = PBXBuildFile; fileRef = B89472CB2AA6FE5E0054F067 /* SceneDelegate.swift */; };
		B89472CE2AA6FE5E0054F067 /* ViewController.swift in Sources */ = {isa = PBXBuildFile; fileRef = B89472CD2AA6FE5E0054F067 /* ViewController.swift */; };
		B89472D12AA6FE5E0054F067 /* Main.storyboard in Resources */ = {isa = PBXBuildFile; fileRef = B89472CF2AA6FE5E0054F067 /* Main.storyboard */; };
		B89472D32AA6FE600054F067 /* Assets.xcassets in Resources */ = {isa = PBXBuildFile; fileRef = B89472D22AA6FE600054F067 /* Assets.xcassets */; };
		B89472D62AA6FE600054F067 /* LaunchScreen.storyboard in Resources */ = {isa = PBXBuildFile; fileRef = B89472D42AA6FE600054F067 /* LaunchScreen.storyboard */; };
		B89472DE2AA6FECF0054F067 /* AnimationReaderVideoPlayer.swift in Sources */ = {isa = PBXBuildFile; fileRef = B89472DD2AA6FECF0054F067 /* AnimationReaderVideoPlayer.swift */; };
		B89472E12AA704F70054F067 /* VideoJson.json in Resources */ = {isa = PBXBuildFile; fileRef = B89472DF2AA7046F0054F067 /* VideoJson.json */; };
		B89472E32AA7054A0054F067 /* JsonHelper.swift in Sources */ = {isa = PBXBuildFile; fileRef = B89472E22AA7054A0054F067 /* JsonHelper.swift */; };
		B89472E62AA7088C0054F067 /* PageInfoTableViewCell.swift in Sources */ = {isa = PBXBuildFile; fileRef = B89472E42AA7088C0054F067 /* PageInfoTableViewCell.swift */; };
		B89472E72AA7088C0054F067 /* PageInfoTableViewCell.xib in Resources */ = {isa = PBXBuildFile; fileRef = B89472E52AA7088C0054F067 /* PageInfoTableViewCell.xib */; };
/* End PBXBuildFile section */

/* Begin PBXFileReference section */
		B89472C62AA6FE5E0054F067 /* VideoPlayerPOC.app */ = {isa = PBXFileReference; explicitFileType = wrapper.application; includeInIndex = 0; path = VideoPlayerPOC.app; sourceTree = BUILT_PRODUCTS_DIR; };
		B89472C92AA6FE5E0054F067 /* AppDelegate.swift */ = {isa = PBXFileReference; lastKnownFileType = sourcecode.swift; path = AppDelegate.swift; sourceTree = "<group>"; };
		B89472CB2AA6FE5E0054F067 /* SceneDelegate.swift */ = {isa = PBXFileReference; lastKnownFileType = sourcecode.swift; path = SceneDelegate.swift; sourceTree = "<group>"; };
		B89472CD2AA6FE5E0054F067 /* ViewController.swift */ = {isa = PBXFileReference; lastKnownFileType = sourcecode.swift; path = ViewController.swift; sourceTree = "<group>"; };
		B89472D02AA6FE5E0054F067 /* Base */ = {isa = PBXFileReference; lastKnownFileType = file.storyboard; name = Base; path = Base.lproj/Main.storyboard; sourceTree = "<group>"; };
		B89472D22AA6FE600054F067 /* Assets.xcassets */ = {isa = PBXFileReference; lastKnownFileType = folder.assetcatalog; path = Assets.xcassets; sourceTree = "<group>"; };
		B89472D52AA6FE600054F067 /* Base */ = {isa = PBXFileReference; lastKnownFileType = file.storyboard; name = Base; path = Base.lproj/LaunchScreen.storyboard; sourceTree = "<group>"; };
		B89472D72AA6FE600054F067 /* Info.plist */ = {isa = PBXFileReference; lastKnownFileType = text.plist.xml; path = Info.plist; sourceTree = "<group>"; };
		B89472DD2AA6FECF0054F067 /* AnimationReaderVideoPlayer.swift */ = {isa = PBXFileReference; lastKnownFileType = sourcecode.swift; path = AnimationReaderVideoPlayer.swift; sourceTree = "<group>"; };
		B89472DF2AA7046F0054F067 /* VideoJson.json */ = {isa = PBXFileReference; lastKnownFileType = text.json; path = VideoJson.json; sourceTree = "<group>"; };
		B89472E22AA7054A0054F067 /* JsonHelper.swift */ = {isa = PBXFileReference; lastKnownFileType = sourcecode.swift; path = JsonHelper.swift; sourceTree = "<group>"; };
		B89472E42AA7088C0054F067 /* PageInfoTableViewCell.swift */ = {isa = PBXFileReference; lastKnownFileType = sourcecode.swift; path = PageInfoTableViewCell.swift; sourceTree = "<group>"; };
		B89472E52AA7088C0054F067 /* PageInfoTableViewCell.xib */ = {isa = PBXFileReference; lastKnownFileType = file.xib; path = PageInfoTableViewCell.xib; sourceTree = "<group>"; };
/* End PBXFileReference section */

/* Begin PBXFrameworksBuildPhase section */
		B89472C32AA6FE5E0054F067 /* Frameworks */ = {
			isa = PBXFrameworksBuildPhase;
			buildActionMask = 2147483647;
			files = (
			);
			runOnlyForDeploymentPostprocessing = 0;
		};
/* End PBXFrameworksBuildPhase section */

/* Begin PBXGroup section */
		B89472BD2AA6FE5E0054F067 = {
			isa = PBXGroup;
			children = (
				B89472C82AA6FE5E0054F067 /* VideoPlayerPOC */,
				B89472C72AA6FE5E0054F067 /* Products */,
			);
			sourceTree = "<group>";
		};
		B89472C72AA6FE5E0054F067 /* Products */ = {
			isa = PBXGroup;
			children = (
				B89472C62AA6FE5E0054F067 /* VideoPlayerPOC.app */,
			);
			name = Products;
			sourceTree = "<group>";
		};
		B89472C82AA6FE5E0054F067 /* VideoPlayerPOC */ = {
			isa = PBXGroup;
			children = (
				B89472C92AA6FE5E0054F067 /* AppDelegate.swift */,
				B89472CB2AA6FE5E0054F067 /* SceneDelegate.swift */,
				B89472E42AA7088C0054F067 /* PageInfoTableViewCell.swift */,
				B89472E52AA7088C0054F067 /* PageInfoTableViewCell.xib */,
				B89472CD2AA6FE5E0054F067 /* ViewController.swift */,
				B89472CF2AA6FE5E0054F067 /* Main.storyboard */,
				B89472D22AA6FE600054F067 /* Assets.xcassets */,
				B89472D42AA6FE600054F067 /* LaunchScreen.storyboard */,
				B89472D72AA6FE600054F067 /* Info.plist */,
				B89472DD2AA6FECF0054F067 /* AnimationReaderVideoPlayer.swift */,
				B89472DF2AA7046F0054F067 /* VideoJson.json */,
				B89472E22AA7054A0054F067 /* JsonHelper.swift */,
			);
			path = VideoPlayerPOC;
			sourceTree = "<group>";
		};
/* End PBXGroup section */

/* Begin PBXNativeTarget section */
		B89472C52AA6FE5E0054F067 /* VideoPlayerPOC */ = {
			isa = PBXNativeTarget;
			buildConfigurationList = B89472DA2AA6FE600054F067 /* Build configuration list for PBXNativeTarget "VideoPlayerPOC" */;
			buildPhases = (
				B89472C22AA6FE5E0054F067 /* Sources */,
				B89472C32AA6FE5E0054F067 /* Frameworks */,
				B89472C42AA6FE5E0054F067 /* Resources */,
			);
			buildRules = (
			);
			dependencies = (
			);
			name = VideoPlayerPOC;
			productName = VideoPlayerPOC;
			productReference = B89472C62AA6FE5E0054F067 /* VideoPlayerPOC.app */;
			productType = "com.apple.product-type.application";
		};
/* End PBXNativeTarget section */

/* Begin PBXProject section */
		B89472BE2AA6FE5E0054F067 /* Project object */ = {
			isa = PBXProject;
			attributes = {
				BuildIndependentTargetsInParallel = 1;
				LastSwiftUpdateCheck = 1430;
				LastUpgradeCheck = 1430;
				TargetAttributes = {
					B89472C52AA6FE5E0054F067 = {
						CreatedOnToolsVersion = 14.3.1;
					};
				};
			};
			buildConfigurationList = B89472C12AA6FE5E0054F067 /* Build configuration list for PBXProject "VideoPlayerPOC" */;
			compatibilityVersion = "Xcode 14.0";
			developmentRegion = en;
			hasScannedForEncodings = 0;
			knownRegions = (
				en,
				Base,
			);
			mainGroup = B89472BD2AA6FE5E0054F067;
			productRefGroup = B89472C72AA6FE5E0054F067 /* Products */;
			projectDirPath = "";
			projectRoot = "";
			targets = (
				B89472C52AA6FE5E0054F067 /* VideoPlayerPOC */,
			);
		};
/* End PBXProject section */

/* Begin PBXResourcesBuildPhase section */
		B89472C42AA6FE5E0054F067 /* Resources */ = {
			isa = PBXResourcesBuildPhase;
			buildActionMask = 2147483647;
			files = (
				B89472E72AA7088C0054F067 /* PageInfoTableViewCell.xib in Resources */,
				B89472D62AA6FE600054F067 /* LaunchScreen.storyboard in Resources */,
				B89472D32AA6FE600054F067 /* Assets.xcassets in Resources */,
				B89472D12AA6FE5E0054F067 /* Main.storyboard in Resources */,
				B89472E12AA704F70054F067 /* VideoJson.json in Resources */,
			);
			runOnlyForDeploymentPostprocessing = 0;
		};
/* End PBXResourcesBuildPhase section */

/* Begin PBXSourcesBuildPhase section */
		B89472C22AA6FE5E0054F067 /* Sources */ = {
			isa = PBXSourcesBuildPhase;
			buildActionMask = 2147483647;
			files = (
				B89472DE2AA6FECF0054F067 /* AnimationReaderVideoPlayer.swift in Sources */,
				B89472CE2AA6FE5E0054F067 /* ViewController.swift in Sources */,
				B89472CA2AA6FE5E0054F067 /* AppDelegate.swift in Sources */,
				B89472CC2AA6FE5E0054F067 /* SceneDelegate.swift in Sources */,
				B89472E62AA7088C0054F067 /* PageInfoTableViewCell.swift in Sources */,
				B89472E32AA7054A0054F067 /* JsonHelper.swift in Sources */,
			);
			runOnlyForDeploymentPostprocessing = 0;
		};
/* End PBXSourcesBuildPhase section */

/* Begin PBXVariantGroup section */
		B89472CF2AA6FE5E0054F067 /* Main.storyboard */ = {
			isa = PBXVariantGroup;
			children = (
				B89472D02AA6FE5E0054F067 /* Base */,
			);
			name = Main.storyboard;
			sourceTree = "<group>";
		};
		B89472D42AA6FE600054F067 /* LaunchScreen.storyboard */ = {
			isa = PBXVariantGroup;
			children = (
				B89472D52AA6FE600054F067 /* Base */,
			);
			name = LaunchScreen.storyboard;
			sourceTree = "<group>";
		};
/* End PBXVariantGroup section */

/* Begin XCBuildConfiguration section */
		B89472D82AA6FE600054F067 /* Debug */ = {
			isa = XCBuildConfiguration;
			buildSettings = {
				ALWAYS_SEARCH_USER_PATHS = NO;
				CLANG_ANALYZER_NONNULL = YES;
				CLANG_ANALYZER_NUMBER_OBJECT_CONVERSION = YES_AGGRESSIVE;
				CLANG_CXX_LANGUAGE_STANDARD = "gnu++20";
				CLANG_ENABLE_MODULES = YES;
				CLANG_ENABLE_OBJC_ARC = YES;
				CLANG_ENABLE_OBJC_WEAK = YES;
				CLANG_WARN_BLOCK_CAPTURE_AUTORELEASING = YES;
				CLANG_WARN_BOOL_CONVERSION = YES;
				CLANG_WARN_COMMA = YES;
				CLANG_WARN_CONSTANT_CONVERSION = YES;
				CLANG_WARN_DEPRECATED_OBJC_IMPLEMENTATIONS = YES;
				CLANG_WARN_DIRECT_OBJC_ISA_USAGE = YES_ERROR;
				CLANG_WARN_DOCUMENTATION_COMMENTS = YES;
				CLANG_WARN_EMPTY_BODY = YES;
				CLANG_WARN_ENUM_CONVERSION = YES;
				CLANG_WARN_INFINITE_RECURSION = YES;
				CLANG_WARN_INT_CONVERSION = YES;
				CLANG_WARN_NON_LITERAL_NULL_CONVERSION = YES;
				CLANG_WARN_OBJC_IMPLICIT_RETAIN_SELF = YES;
				CLANG_WARN_OBJC_LITERAL_CONVERSION = YES;
				CLANG_WARN_OBJC_ROOT_CLASS = YES_ERROR;
				CLANG_WARN_QUOTED_INCLUDE_IN_FRAMEWORK_HEADER = YES;
				CLANG_WARN_RANGE_LOOP_ANALYSIS = YES;
				CLANG_WARN_STRICT_PROTOTYPES = YES;
				CLANG_WARN_SUSPICIOUS_MOVE = YES;
				CLANG_WARN_UNGUARDED_AVAILABILITY = YES_AGGRESSIVE;
				CLANG_WARN_UNREACHABLE_CODE = YES;
				CLANG_WARN__DUPLICATE_METHOD_MATCH = YES;
				COPY_PHASE_STRIP = NO;
				DEBUG_INFORMATION_FORMAT = dwarf;
				ENABLE_STRICT_OBJC_MSGSEND = YES;
				ENABLE_TESTABILITY = YES;
				GCC_C_LANGUAGE_STANDARD = gnu11;
				GCC_DYNAMIC_NO_PIC = NO;
				GCC_NO_COMMON_BLOCKS = YES;
				GCC_OPTIMIZATION_LEVEL = 0;
				GCC_PREPROCESSOR_DEFINITIONS = (
					"DEBUG=1",
					"$(inherited)",
				);
				GCC_WARN_64_TO_32_BIT_CONVERSION = YES;
				GCC_WARN_ABOUT_RETURN_TYPE = YES_ERROR;
				GCC_WARN_UNDECLARED_SELECTOR = YES;
				GCC_WARN_UNINITIALIZED_AUTOS = YES_AGGRESSIVE;
				GCC_WARN_UNUSED_FUNCTION = YES;
				GCC_WARN_UNUSED_VARIABLE = YES;
				IPHONEOS_DEPLOYMENT_TARGET = 16.4;
				MTL_ENABLE_DEBUG_INFO = INCLUDE_SOURCE;
				MTL_FAST_MATH = YES;
				ONLY_ACTIVE_ARCH = YES;
				SDKROOT = iphoneos;
				SWIFT_ACTIVE_COMPILATION_CONDITIONS = DEBUG;
				SWIFT_OPTIMIZATION_LEVEL = "-Onone";
			};
			name = Debug;
		};
		B89472D92AA6FE600054F067 /* Release */ = {
			isa = XCBuildConfiguration;
			buildSettings = {
				ALWAYS_SEARCH_USER_PATHS = NO;
				CLANG_ANALYZER_NONNULL = YES;
				CLANG_ANALYZER_NUMBER_OBJECT_CONVERSION = YES_AGGRESSIVE;
				CLANG_CXX_LANGUAGE_STANDARD = "gnu++20";
				CLANG_ENABLE_MODULES = YES;
				CLANG_ENABLE_OBJC_ARC = YES;
				CLANG_ENABLE_OBJC_WEAK = YES;
				CLANG_WARN_BLOCK_CAPTURE_AUTORELEASING = YES;
				CLANG_WARN_BOOL_CONVERSION = YES;
				CLANG_WARN_COMMA = YES;
				CLANG_WARN_CONSTANT_CONVERSION = YES;
				CLANG_WARN_DEPRECATED_OBJC_IMPLEMENTATIONS = YES;
				CLANG_WARN_DIRECT_OBJC_ISA_USAGE = YES_ERROR;
				CLANG_WARN_DOCUMENTATION_COMMENTS = YES;
				CLANG_WARN_EMPTY_BODY = YES;
				CLANG_WARN_ENUM_CONVERSION = YES;
				CLANG_WARN_INFINITE_RECURSION = YES;
				CLANG_WARN_INT_CONVERSION = YES;
				CLANG_WARN_NON_LITERAL_NULL_CONVERSION = YES;
				CLANG_WARN_OBJC_IMPLICIT_RETAIN_SELF = YES;
				CLANG_WARN_OBJC_LITERAL_CONVERSION = YES;
				CLANG_WARN_OBJC_ROOT_CLASS = YES_ERROR;
				CLANG_WARN_QUOTED_INCLUDE_IN_FRAMEWORK_HEADER = YES;
				CLANG_WARN_RANGE_LOOP_ANALYSIS = YES;
				CLANG_WARN_STRICT_PROTOTYPES = YES;
				CLANG_WARN_SUSPICIOUS_MOVE = YES;
				CLANG_WARN_UNGUARDED_AVAILABILITY = YES_AGGRESSIVE;
				CLANG_WARN_UNREACHABLE_CODE = YES;
				CLANG_WARN__DUPLICATE_METHOD_MATCH = YES;
				COPY_PHASE_STRIP = NO;
				DEBUG_INFORMATION_FORMAT = "dwarf-with-dsym";
				ENABLE_NS_ASSERTIONS = NO;
				ENABLE_STRICT_OBJC_MSGSEND = YES;
				GCC_C_LANGUAGE_STANDARD = gnu11;
				GCC_NO_COMMON_BLOCKS = YES;
				GCC_WARN_64_TO_32_BIT_CONVERSION = YES;
				GCC_WARN_ABOUT_RETURN_TYPE = YES_ERROR;
				GCC_WARN_UNDECLARED_SELECTOR = YES;
				GCC_WARN_UNINITIALIZED_AUTOS = YES_AGGRESSIVE;
				GCC_WARN_UNUSED_FUNCTION = YES;
				GCC_WARN_UNUSED_VARIABLE = YES;
				IPHONEOS_DEPLOYMENT_TARGET = 16.4;
				MTL_ENABLE_DEBUG_INFO = NO;
				MTL_FAST_MATH = YES;
				SDKROOT = iphoneos;
				SWIFT_COMPILATION_MODE = wholemodule;
				SWIFT_OPTIMIZATION_LEVEL = "-O";
				VALIDATE_PRODUCT = YES;
			};
			name = Release;
		};
		B89472DB2AA6FE600054F067 /* Debug */ = {
			isa = XCBuildConfiguration;
			buildSettings = {
				ASSETCATALOG_COMPILER_APPICON_NAME = AppIcon;
				ASSETCATALOG_COMPILER_GLOBAL_ACCENT_COLOR_NAME = AccentColor;
				CODE_SIGN_STYLE = Automatic;
				CURRENT_PROJECT_VERSION = 1;
				DEVELOPMENT_TEAM = X9J2SG7MB3;
				GENERATE_INFOPLIST_FILE = YES;
				INFOPLIST_FILE = VideoPlayerPOC/Info.plist;
				INFOPLIST_KEY_UIApplicationSupportsIndirectInputEvents = YES;
				INFOPLIST_KEY_UILaunchStoryboardName = LaunchScreen;
				INFOPLIST_KEY_UIMainStoryboardFile = Main;
				INFOPLIST_KEY_UISupportedInterfaceOrientations_iPad = "UIInterfaceOrientationPortrait UIInterfaceOrientationPortraitUpsideDown UIInterfaceOrientationLandscapeLeft UIInterfaceOrientationLandscapeRight";
				INFOPLIST_KEY_UISupportedInterfaceOrientations_iPhone = "UIInterfaceOrientationPortrait UIInterfaceOrientationLandscapeLeft UIInterfaceOrientationLandscapeRight";
				LD_RUNPATH_SEARCH_PATHS = (
					"$(inherited)",
					"@executable_path/Frameworks",
				);
				MARKETING_VERSION = 1.0;
				PRODUCT_BUNDLE_IDENTIFIER = com.epicDemo.VideoPlayerPOC;
				PRODUCT_NAME = "$(TARGET_NAME)";
				SWIFT_EMIT_LOC_STRINGS = YES;
				SWIFT_VERSION = 5.0;
				TARGETED_DEVICE_FAMILY = "1,2";
			};
			name = Debug;
		};
		B89472DC2AA6FE600054F067 /* Release */ = {
			isa = XCBuildConfiguration;
			buildSettings = {
				ASSETCATALOG_COMPILER_APPICON_NAME = AppIcon;
				ASSETCATALOG_COMPILER_GLOBAL_ACCENT_COLOR_NAME = AccentColor;
				CODE_SIGN_STYLE = Automatic;
				CURRENT_PROJECT_VERSION = 1;
				DEVELOPMENT_TEAM = X9J2SG7MB3;
				GENERATE_INFOPLIST_FILE = YES;
				INFOPLIST_FILE = VideoPlayerPOC/Info.plist;
				INFOPLIST_KEY_UIApplicationSupportsIndirectInputEvents = YES;
				INFOPLIST_KEY_UILaunchStoryboardName = LaunchScreen;
				INFOPLIST_KEY_UIMainStoryboardFile = Main;
				INFOPLIST_KEY_UISupportedInterfaceOrientations_iPad = "UIInterfaceOrientationPortrait UIInterfaceOrientationPortraitUpsideDown UIInterfaceOrientationLandscapeLeft UIInterfaceOrientationLandscapeRight";
				INFOPLIST_KEY_UISupportedInterfaceOrientations_iPhone = "UIInterfaceOrientationPortrait UIInterfaceOrientationLandscapeLeft UIInterfaceOrientationLandscapeRight";
				LD_RUNPATH_SEARCH_PATHS = (
					"$(inherited)",
					"@executable_path/Frameworks",
				);
				MARKETING_VERSION = 1.0;
				PRODUCT_BUNDLE_IDENTIFIER = com.epicDemo.VideoPlayerPOC;
				PRODUCT_NAME = "$(TARGET_NAME)";
				SWIFT_EMIT_LOC_STRINGS = YES;
				SWIFT_VERSION = 5.0;
				TARGETED_DEVICE_FAMILY = "1,2";
			};
			name = Release;
		};
/* End XCBuildConfiguration section */

/* Begin XCConfigurationList section */
		B89472C12AA6FE5E0054F067 /* Build configuration list for PBXProject "VideoPlayerPOC" */ = {
			isa = XCConfigurationList;
			buildConfigurations = (
				B89472D82AA6FE600054F067 /* Debug */,
				B89472D92AA6FE600054F067 /* Release */,
			);
			defaultConfigurationIsVisible = 0;
			defaultConfigurationName = Release;
		};
		B89472DA2AA6FE600054F067 /* Build configuration list for PBXNativeTarget "VideoPlayerPOC" */ = {
			isa = XCConfigurationList;
			buildConfigurations = (
				B89472DB2AA6FE600054F067 /* Debug */,
				B89472DC2AA6FE600054F067 /* Release */,
			);
			defaultConfigurationIsVisible = 0;
			defaultConfigurationName = Release;
		};
/* End XCConfigurationList section */
	};
	rootObject = B89472BE2AA6FE5E0054F067 /* Project object */;
}
